// !$*UTF8*$!
{
	archiveVersion = 1;
	classes = {
	};
	objectVersion = 50;
	objects = {

/* Begin PBXBuildFile section */
		4C4035FA2559BDBE00DBE020 /* LTTTabBarController.swift in Sources */ = {isa = PBXBuildFile; fileRef = 4C4035F92559BDBE00DBE020 /* LTTTabBarController.swift */; };
		4C403604255DC23500DBE020 /* RegionsVC.swift in Sources */ = {isa = PBXBuildFile; fileRef = 4C403603255DC23500DBE020 /* RegionsVC.swift */; };
		4C40360C255DC26400DBE020 /* TimesVC.swift in Sources */ = {isa = PBXBuildFile; fileRef = 4C40360B255DC26400DBE020 /* TimesVC.swift */; };
		4C403618255DC5C800DBE020 /* Constants.swift in Sources */ = {isa = PBXBuildFile; fileRef = 4C403617255DC5C800DBE020 /* Constants.swift */; };
		4C47220D257EBD81005799F0 /* UIColor+Ext.swift in Sources */ = {isa = PBXBuildFile; fileRef = 4C47220C257EBD81005799F0 /* UIColor+Ext.swift */; };
		4C647ACA2565A2300097F12E /* Timestamp.swift in Sources */ = {isa = PBXBuildFile; fileRef = 4C647AC92565A2300097F12E /* Timestamp.swift */; };
		4C647AD22565A2400097F12E /* Region.swift in Sources */ = {isa = PBXBuildFile; fileRef = 4C647AD12565A2400097F12E /* Region.swift */; };
		4C647AD7256AAFF50097F12E /* Colour.swift in Sources */ = {isa = PBXBuildFile; fileRef = 4C647AD6256AAFF50097F12E /* Colour.swift */; };
		4C647ADD256AB2260097F12E /* PersistenceManager.swift in Sources */ = {isa = PBXBuildFile; fileRef = 4C647ADC256AB2260097F12E /* PersistenceManager.swift */; };
		4C647AE6256AB7D10097F12E /* LTTError.swift in Sources */ = {isa = PBXBuildFile; fileRef = 4C647AE5256AB7D10097F12E /* LTTError.swift */; };
		4CA6153B25757AD6004403E2 /* RegionManager.swift in Sources */ = {isa = PBXBuildFile; fileRef = 4CA6153A25757AD6004403E2 /* RegionManager.swift */; };
		4CA6154425758393004403E2 /* UIDate+Ext.swift in Sources */ = {isa = PBXBuildFile; fileRef = 4CA6154325758393004403E2 /* UIDate+Ext.swift */; };
		4CA615512576B6CA004403E2 /* RegionInfoVC.swift in Sources */ = {isa = PBXBuildFile; fileRef = 4CA615502576B6CA004403E2 /* RegionInfoVC.swift */; };
		4CA8AD71256C439A002509E3 /* RegionCell.swift in Sources */ = {isa = PBXBuildFile; fileRef = 4CA8AD70256C439A002509E3 /* RegionCell.swift */; };
		4CA8AD79256C43B1002509E3 /* TimestampCell.swift in Sources */ = {isa = PBXBuildFile; fileRef = 4CA8AD78256C43B1002509E3 /* TimestampCell.swift */; };
		4CA8ADA525743EE9002509E3 /* UITableView+Ext.swift in Sources */ = {isa = PBXBuildFile; fileRef = 4CA8ADA425743EE9002509E3 /* UITableView+Ext.swift */; };
		4CF2837B255707AF00A3BE19 /* AppDelegate.swift in Sources */ = {isa = PBXBuildFile; fileRef = 4CF2837A255707AF00A3BE19 /* AppDelegate.swift */; };
		4CF2837D255707AF00A3BE19 /* SceneDelegate.swift in Sources */ = {isa = PBXBuildFile; fileRef = 4CF2837C255707AF00A3BE19 /* SceneDelegate.swift */; };
		4CF28384255707B200A3BE19 /* Assets.xcassets in Resources */ = {isa = PBXBuildFile; fileRef = 4CF28383255707B200A3BE19 /* Assets.xcassets */; };
		4CF28387255707B200A3BE19 /* LaunchScreen.storyboard in Resources */ = {isa = PBXBuildFile; fileRef = 4CF28385255707B200A3BE19 /* LaunchScreen.storyboard */; };
		4CF28392255707B200A3BE19 /* LocationTimeTrackerTests.swift in Sources */ = {isa = PBXBuildFile; fileRef = 4CF28391255707B200A3BE19 /* LocationTimeTrackerTests.swift */; };
		4CF2839D255707B200A3BE19 /* LocationTimeTrackerUITests.swift in Sources */ = {isa = PBXBuildFile; fileRef = 4CF2839C255707B200A3BE19 /* LocationTimeTrackerUITests.swift */; };
/* End PBXBuildFile section */

/* Begin PBXContainerItemProxy section */
		4CF2838E255707B200A3BE19 /* PBXContainerItemProxy */ = {
			isa = PBXContainerItemProxy;
			containerPortal = 4CF2836F255707AF00A3BE19 /* Project object */;
			proxyType = 1;
			remoteGlobalIDString = 4CF28376255707AF00A3BE19;
			remoteInfo = LocationTimeTracker;
		};
		4CF28399255707B200A3BE19 /* PBXContainerItemProxy */ = {
			isa = PBXContainerItemProxy;
			containerPortal = 4CF2836F255707AF00A3BE19 /* Project object */;
			proxyType = 1;
			remoteGlobalIDString = 4CF28376255707AF00A3BE19;
			remoteInfo = LocationTimeTracker;
		};
/* End PBXContainerItemProxy section */

/* Begin PBXFileReference section */
		4C4035F92559BDBE00DBE020 /* LTTTabBarController.swift */ = {isa = PBXFileReference; lastKnownFileType = sourcecode.swift; path = LTTTabBarController.swift; sourceTree = "<group>"; };
		4C403603255DC23500DBE020 /* RegionsVC.swift */ = {isa = PBXFileReference; lastKnownFileType = sourcecode.swift; path = RegionsVC.swift; sourceTree = "<group>"; };
		4C40360B255DC26400DBE020 /* TimesVC.swift */ = {isa = PBXFileReference; lastKnownFileType = sourcecode.swift; path = TimesVC.swift; sourceTree = "<group>"; };
		4C403617255DC5C800DBE020 /* Constants.swift */ = {isa = PBXFileReference; lastKnownFileType = sourcecode.swift; path = Constants.swift; sourceTree = "<group>"; };
		4C47220C257EBD81005799F0 /* UIColor+Ext.swift */ = {isa = PBXFileReference; lastKnownFileType = sourcecode.swift; path = "UIColor+Ext.swift"; sourceTree = "<group>"; };
		4C647AC92565A2300097F12E /* Timestamp.swift */ = {isa = PBXFileReference; lastKnownFileType = sourcecode.swift; path = Timestamp.swift; sourceTree = "<group>"; };
		4C647AD12565A2400097F12E /* Region.swift */ = {isa = PBXFileReference; lastKnownFileType = sourcecode.swift; path = Region.swift; sourceTree = "<group>"; };
		4C647AD6256AAFF50097F12E /* Colour.swift */ = {isa = PBXFileReference; lastKnownFileType = sourcecode.swift; path = Colour.swift; sourceTree = "<group>"; };
		4C647ADC256AB2260097F12E /* PersistenceManager.swift */ = {isa = PBXFileReference; lastKnownFileType = sourcecode.swift; name = PersistenceManager.swift; path = ../../../../../PersistenceManager.swift; sourceTree = "<group>"; };
		4C647AE5256AB7D10097F12E /* LTTError.swift */ = {isa = PBXFileReference; lastKnownFileType = sourcecode.swift; name = LTTError.swift; path = ../../../../../LTTError.swift; sourceTree = "<group>"; };
		4CA6153A25757AD6004403E2 /* RegionManager.swift */ = {isa = PBXFileReference; lastKnownFileType = sourcecode.swift; path = RegionManager.swift; sourceTree = "<group>"; };
		4CA6154325758393004403E2 /* UIDate+Ext.swift */ = {isa = PBXFileReference; lastKnownFileType = sourcecode.swift; path = "UIDate+Ext.swift"; sourceTree = "<group>"; };
		4CA615502576B6CA004403E2 /* RegionInfoVC.swift */ = {isa = PBXFileReference; lastKnownFileType = sourcecode.swift; path = RegionInfoVC.swift; sourceTree = "<group>"; };
		4CA8AD70256C439A002509E3 /* RegionCell.swift */ = {isa = PBXFileReference; lastKnownFileType = sourcecode.swift; path = RegionCell.swift; sourceTree = "<group>"; };
		4CA8AD78256C43B1002509E3 /* TimestampCell.swift */ = {isa = PBXFileReference; lastKnownFileType = sourcecode.swift; path = TimestampCell.swift; sourceTree = "<group>"; };
		4CA8ADA425743EE9002509E3 /* UITableView+Ext.swift */ = {isa = PBXFileReference; lastKnownFileType = sourcecode.swift; path = "UITableView+Ext.swift"; sourceTree = "<group>"; };
		4CF28377255707AF00A3BE19 /* LocationTimeTracker.app */ = {isa = PBXFileReference; explicitFileType = wrapper.application; includeInIndex = 0; path = LocationTimeTracker.app; sourceTree = BUILT_PRODUCTS_DIR; };
		4CF2837A255707AF00A3BE19 /* AppDelegate.swift */ = {isa = PBXFileReference; lastKnownFileType = sourcecode.swift; path = AppDelegate.swift; sourceTree = "<group>"; };
		4CF2837C255707AF00A3BE19 /* SceneDelegate.swift */ = {isa = PBXFileReference; lastKnownFileType = sourcecode.swift; path = SceneDelegate.swift; sourceTree = "<group>"; };
		4CF28383255707B200A3BE19 /* Assets.xcassets */ = {isa = PBXFileReference; lastKnownFileType = folder.assetcatalog; path = Assets.xcassets; sourceTree = "<group>"; };
		4CF28386255707B200A3BE19 /* Base */ = {isa = PBXFileReference; lastKnownFileType = file.storyboard; name = Base; path = Base.lproj/LaunchScreen.storyboard; sourceTree = "<group>"; };
		4CF28388255707B200A3BE19 /* Info.plist */ = {isa = PBXFileReference; lastKnownFileType = text.plist.xml; path = Info.plist; sourceTree = "<group>"; };
		4CF2838D255707B200A3BE19 /* LocationTimeTrackerTests.xctest */ = {isa = PBXFileReference; explicitFileType = wrapper.cfbundle; includeInIndex = 0; path = LocationTimeTrackerTests.xctest; sourceTree = BUILT_PRODUCTS_DIR; };
		4CF28391255707B200A3BE19 /* LocationTimeTrackerTests.swift */ = {isa = PBXFileReference; lastKnownFileType = sourcecode.swift; path = LocationTimeTrackerTests.swift; sourceTree = "<group>"; };
		4CF28393255707B200A3BE19 /* Info.plist */ = {isa = PBXFileReference; lastKnownFileType = text.plist.xml; path = Info.plist; sourceTree = "<group>"; };
		4CF28398255707B200A3BE19 /* LocationTimeTrackerUITests.xctest */ = {isa = PBXFileReference; explicitFileType = wrapper.cfbundle; includeInIndex = 0; path = LocationTimeTrackerUITests.xctest; sourceTree = BUILT_PRODUCTS_DIR; };
		4CF2839C255707B200A3BE19 /* LocationTimeTrackerUITests.swift */ = {isa = PBXFileReference; lastKnownFileType = sourcecode.swift; path = LocationTimeTrackerUITests.swift; sourceTree = "<group>"; };
		4CF2839E255707B200A3BE19 /* Info.plist */ = {isa = PBXFileReference; lastKnownFileType = text.plist.xml; path = Info.plist; sourceTree = "<group>"; };
/* End PBXFileReference section */

/* Begin PBXFrameworksBuildPhase section */
		4CF28374255707AF00A3BE19 /* Frameworks */ = {
			isa = PBXFrameworksBuildPhase;
			buildActionMask = 2147483647;
			files = (
			);
			runOnlyForDeploymentPostprocessing = 0;
		};
		4CF2838A255707B200A3BE19 /* Frameworks */ = {
			isa = PBXFrameworksBuildPhase;
			buildActionMask = 2147483647;
			files = (
			);
			runOnlyForDeploymentPostprocessing = 0;
		};
		4CF28395255707B200A3BE19 /* Frameworks */ = {
			isa = PBXFrameworksBuildPhase;
			buildActionMask = 2147483647;
			files = (
			);
			runOnlyForDeploymentPostprocessing = 0;
		};
/* End PBXFrameworksBuildPhase section */

/* Begin PBXGroup section */
		4C4035F02559BAA200DBE020 /* Support */ = {
			isa = PBXGroup;
			children = (
				4CF2837A255707AF00A3BE19 /* AppDelegate.swift */,
				4CF2837C255707AF00A3BE19 /* SceneDelegate.swift */,
				4CF28383255707B200A3BE19 /* Assets.xcassets */,
				4CF28385255707B200A3BE19 /* LaunchScreen.storyboard */,
				4CF28388255707B200A3BE19 /* Info.plist */,
			);
			path = Support;
			sourceTree = "<group>";
		};
		4C4035F72559BD7600DBE020 /* Costum Views */ = {
			isa = PBXGroup;
			children = (
				4CA8AD6F256C4378002509E3 /* Cells */,
				4C4036012559C05200DBE020 /* ViewControllers */,
				4C4035F82559BD8900DBE020 /* TabBarController */,
			);
			path = "Costum Views";
			sourceTree = "<group>";
		};
		4C4035F82559BD8900DBE020 /* TabBarController */ = {
			isa = PBXGroup;
			children = (
				4C4035F92559BDBE00DBE020 /* LTTTabBarController.swift */,
			);
			path = TabBarController;
			sourceTree = "<group>";
		};
		4C4036012559C05200DBE020 /* ViewControllers */ = {
			isa = PBXGroup;
			children = (
			);
			path = ViewControllers;
			sourceTree = "<group>";
		};
		4C4036022559C07900DBE020 /* Screens */ = {
			isa = PBXGroup;
			children = (
				4C403603255DC23500DBE020 /* RegionsVC.swift */,
				4C40360B255DC26400DBE020 /* TimesVC.swift */,
				4CA615502576B6CA004403E2 /* RegionInfoVC.swift */,
			);
			path = Screens;
			sourceTree = "<group>";
		};
		4C403616255DC5B800DBE020 /* Utilities */ = {
			isa = PBXGroup;
			children = (
				4C403617255DC5C800DBE020 /* Constants.swift */,
				4C647AE5256AB7D10097F12E /* LTTError.swift */,
			);
			path = Utilities;
			sourceTree = "<group>";
		};
		4C647AC825659F5A0097F12E /* Model */ = {
			isa = PBXGroup;
			children = (
				4C647AC92565A2300097F12E /* Timestamp.swift */,
				4C647AD12565A2400097F12E /* Region.swift */,
				4C647AD6256AAFF50097F12E /* Colour.swift */,
			);
			path = Model;
			sourceTree = "<group>";
		};
		4C647ADB256AB2170097F12E /* Managers */ = {
			isa = PBXGroup;
			children = (
				4C647ADC256AB2260097F12E /* PersistenceManager.swift */,
				4CA6153A25757AD6004403E2 /* RegionManager.swift */,
			);
			path = Managers;
			sourceTree = "<group>";
		};
		4CA8AD6F256C4378002509E3 /* Cells */ = {
			isa = PBXGroup;
			children = (
				4CA8AD70256C439A002509E3 /* RegionCell.swift */,
				4CA8AD78256C43B1002509E3 /* TimestampCell.swift */,
			);
			path = Cells;
			sourceTree = "<group>";
		};
		4CA8ADA325743EC9002509E3 /* Extensions */ = {
			isa = PBXGroup;
			children = (
				4CA8ADA425743EE9002509E3 /* UITableView+Ext.swift */,
				4CA6154325758393004403E2 /* UIDate+Ext.swift */,
				4C47220C257EBD81005799F0 /* UIColor+Ext.swift */,
			);
			path = Extensions;
			sourceTree = "<group>";
		};
		4CF2836E255707AF00A3BE19 = {
			isa = PBXGroup;
			children = (
				4CF28379255707AF00A3BE19 /* LocationTimeTracker */,
				4CF28390255707B200A3BE19 /* LocationTimeTrackerTests */,
				4CF2839B255707B200A3BE19 /* LocationTimeTrackerUITests */,
				4CF28378255707AF00A3BE19 /* Products */,
			);
			sourceTree = "<group>";
		};
		4CF28378255707AF00A3BE19 /* Products */ = {
			isa = PBXGroup;
			children = (
				4CF28377255707AF00A3BE19 /* LocationTimeTracker.app */,
				4CF2838D255707B200A3BE19 /* LocationTimeTrackerTests.xctest */,
				4CF28398255707B200A3BE19 /* LocationTimeTrackerUITests.xctest */,
			);
			name = Products;
			sourceTree = "<group>";
		};
		4CF28379255707AF00A3BE19 /* LocationTimeTracker */ = {
			isa = PBXGroup;
			children = (
				4CA8ADA325743EC9002509E3 /* Extensions */,
				4C647ADB256AB2170097F12E /* Managers */,
				4C647AC825659F5A0097F12E /* Model */,
				4C403616255DC5B800DBE020 /* Utilities */,
				4C4036022559C07900DBE020 /* Screens */,
				4C4035F72559BD7600DBE020 /* Costum Views */,
				4C4035F02559BAA200DBE020 /* Support */,
			);
			path = LocationTimeTracker;
			sourceTree = "<group>";
		};
		4CF28390255707B200A3BE19 /* LocationTimeTrackerTests */ = {
			isa = PBXGroup;
			children = (
				4CF28391255707B200A3BE19 /* LocationTimeTrackerTests.swift */,
				4CF28393255707B200A3BE19 /* Info.plist */,
			);
			path = LocationTimeTrackerTests;
			sourceTree = "<group>";
		};
		4CF2839B255707B200A3BE19 /* LocationTimeTrackerUITests */ = {
			isa = PBXGroup;
			children = (
				4CF2839C255707B200A3BE19 /* LocationTimeTrackerUITests.swift */,
				4CF2839E255707B200A3BE19 /* Info.plist */,
			);
			path = LocationTimeTrackerUITests;
			sourceTree = "<group>";
		};
/* End PBXGroup section */

/* Begin PBXNativeTarget section */
		4CF28376255707AF00A3BE19 /* LocationTimeTracker */ = {
			isa = PBXNativeTarget;
			buildConfigurationList = 4CF283A1255707B200A3BE19 /* Build configuration list for PBXNativeTarget "LocationTimeTracker" */;
			buildPhases = (
				4CF28373255707AF00A3BE19 /* Sources */,
				4CF28374255707AF00A3BE19 /* Frameworks */,
				4CF28375255707AF00A3BE19 /* Resources */,
			);
			buildRules = (
			);
			dependencies = (
			);
			name = LocationTimeTracker;
			productName = LocationTimeTracker;
			productReference = 4CF28377255707AF00A3BE19 /* LocationTimeTracker.app */;
			productType = "com.apple.product-type.application";
		};
		4CF2838C255707B200A3BE19 /* LocationTimeTrackerTests */ = {
			isa = PBXNativeTarget;
			buildConfigurationList = 4CF283A4255707B200A3BE19 /* Build configuration list for PBXNativeTarget "LocationTimeTrackerTests" */;
			buildPhases = (
				4CF28389255707B200A3BE19 /* Sources */,
				4CF2838A255707B200A3BE19 /* Frameworks */,
				4CF2838B255707B200A3BE19 /* Resources */,
			);
			buildRules = (
			);
			dependencies = (
				4CF2838F255707B200A3BE19 /* PBXTargetDependency */,
			);
			name = LocationTimeTrackerTests;
			productName = LocationTimeTrackerTests;
			productReference = 4CF2838D255707B200A3BE19 /* LocationTimeTrackerTests.xctest */;
			productType = "com.apple.product-type.bundle.unit-test";
		};
		4CF28397255707B200A3BE19 /* LocationTimeTrackerUITests */ = {
			isa = PBXNativeTarget;
			buildConfigurationList = 4CF283A7255707B200A3BE19 /* Build configuration list for PBXNativeTarget "LocationTimeTrackerUITests" */;
			buildPhases = (
				4CF28394255707B200A3BE19 /* Sources */,
				4CF28395255707B200A3BE19 /* Frameworks */,
				4CF28396255707B200A3BE19 /* Resources */,
			);
			buildRules = (
			);
			dependencies = (
				4CF2839A255707B200A3BE19 /* PBXTargetDependency */,
			);
			name = LocationTimeTrackerUITests;
			productName = LocationTimeTrackerUITests;
			productReference = 4CF28398255707B200A3BE19 /* LocationTimeTrackerUITests.xctest */;
			productType = "com.apple.product-type.bundle.ui-testing";
		};
/* End PBXNativeTarget section */

/* Begin PBXProject section */
		4CF2836F255707AF00A3BE19 /* Project object */ = {
			isa = PBXProject;
			attributes = {
				LastSwiftUpdateCheck = 1210;
				LastUpgradeCheck = 1210;
				TargetAttributes = {
					4CF28376255707AF00A3BE19 = {
						CreatedOnToolsVersion = 12.1;
					};
					4CF2838C255707B200A3BE19 = {
						CreatedOnToolsVersion = 12.1;
						TestTargetID = 4CF28376255707AF00A3BE19;
					};
					4CF28397255707B200A3BE19 = {
						CreatedOnToolsVersion = 12.1;
						TestTargetID = 4CF28376255707AF00A3BE19;
					};
				};
			};
			buildConfigurationList = 4CF28372255707AF00A3BE19 /* Build configuration list for PBXProject "LocationTimeTracker" */;
			compatibilityVersion = "Xcode 9.3";
			developmentRegion = en;
			hasScannedForEncodings = 0;
			knownRegions = (
				en,
				Base,
			);
			mainGroup = 4CF2836E255707AF00A3BE19;
			productRefGroup = 4CF28378255707AF00A3BE19 /* Products */;
			projectDirPath = "";
			projectRoot = "";
			targets = (
				4CF28376255707AF00A3BE19 /* LocationTimeTracker */,
				4CF2838C255707B200A3BE19 /* LocationTimeTrackerTests */,
				4CF28397255707B200A3BE19 /* LocationTimeTrackerUITests */,
			);
		};
/* End PBXProject section */

/* Begin PBXResourcesBuildPhase section */
		4CF28375255707AF00A3BE19 /* Resources */ = {
			isa = PBXResourcesBuildPhase;
			buildActionMask = 2147483647;
			files = (
				4CF28387255707B200A3BE19 /* LaunchScreen.storyboard in Resources */,
				4CF28384255707B200A3BE19 /* Assets.xcassets in Resources */,
			);
			runOnlyForDeploymentPostprocessing = 0;
		};
		4CF2838B255707B200A3BE19 /* Resources */ = {
			isa = PBXResourcesBuildPhase;
			buildActionMask = 2147483647;
			files = (
			);
			runOnlyForDeploymentPostprocessing = 0;
		};
		4CF28396255707B200A3BE19 /* Resources */ = {
			isa = PBXResourcesBuildPhase;
			buildActionMask = 2147483647;
			files = (
			);
			runOnlyForDeploymentPostprocessing = 0;
		};
/* End PBXResourcesBuildPhase section */

/* Begin PBXSourcesBuildPhase section */
		4CF28373255707AF00A3BE19 /* Sources */ = {
			isa = PBXSourcesBuildPhase;
			buildActionMask = 2147483647;
			files = (
				4C647ACA2565A2300097F12E /* Timestamp.swift in Sources */,
				4C647ADD256AB2260097F12E /* PersistenceManager.swift in Sources */,
				4C4035FA2559BDBE00DBE020 /* LTTTabBarController.swift in Sources */,
				4CA6154425758393004403E2 /* UIDate+Ext.swift in Sources */,
				4CA8AD71256C439A002509E3 /* RegionCell.swift in Sources */,
				4CA615512576B6CA004403E2 /* RegionInfoVC.swift in Sources */,
				4CA6153B25757AD6004403E2 /* RegionManager.swift in Sources */,
				4C40360C255DC26400DBE020 /* TimesVC.swift in Sources */,
				4C647AD7256AAFF50097F12E /* Colour.swift in Sources */,
				4CA8AD79256C43B1002509E3 /* TimestampCell.swift in Sources */,
				4C647AD22565A2400097F12E /* Region.swift in Sources */,
				4CF2837B255707AF00A3BE19 /* AppDelegate.swift in Sources */,
				4C647AE6256AB7D10097F12E /* LTTError.swift in Sources */,
				4C403604255DC23500DBE020 /* RegionsVC.swift in Sources */,
				4CA8ADA525743EE9002509E3 /* UITableView+Ext.swift in Sources */,
				4C47220D257EBD81005799F0 /* UIColor+Ext.swift in Sources */,
				4CF2837D255707AF00A3BE19 /* SceneDelegate.swift in Sources */,
				4C403618255DC5C800DBE020 /* Constants.swift in Sources */,
			);
			runOnlyForDeploymentPostprocessing = 0;
		};
		4CF28389255707B200A3BE19 /* Sources */ = {
			isa = PBXSourcesBuildPhase;
			buildActionMask = 2147483647;
			files = (
				4CF28392255707B200A3BE19 /* LocationTimeTrackerTests.swift in Sources */,
			);
			runOnlyForDeploymentPostprocessing = 0;
		};
		4CF28394255707B200A3BE19 /* Sources */ = {
			isa = PBXSourcesBuildPhase;
			buildActionMask = 2147483647;
			files = (
				4CF2839D255707B200A3BE19 /* LocationTimeTrackerUITests.swift in Sources */,
			);
			runOnlyForDeploymentPostprocessing = 0;
		};
/* End PBXSourcesBuildPhase section */

/* Begin PBXTargetDependency section */
		4CF2838F255707B200A3BE19 /* PBXTargetDependency */ = {
			isa = PBXTargetDependency;
			target = 4CF28376255707AF00A3BE19 /* LocationTimeTracker */;
			targetProxy = 4CF2838E255707B200A3BE19 /* PBXContainerItemProxy */;
		};
		4CF2839A255707B200A3BE19 /* PBXTargetDependency */ = {
			isa = PBXTargetDependency;
			target = 4CF28376255707AF00A3BE19 /* LocationTimeTracker */;
			targetProxy = 4CF28399255707B200A3BE19 /* PBXContainerItemProxy */;
		};
/* End PBXTargetDependency section */

/* Begin PBXVariantGroup section */
		4CF28385255707B200A3BE19 /* LaunchScreen.storyboard */ = {
			isa = PBXVariantGroup;
			children = (
				4CF28386255707B200A3BE19 /* Base */,
			);
			name = LaunchScreen.storyboard;
			sourceTree = "<group>";
		};
/* End PBXVariantGroup section */

/* Begin XCBuildConfiguration section */
		4CF2839F255707B200A3BE19 /* Debug */ = {
			isa = XCBuildConfiguration;
			buildSettings = {
				ALWAYS_SEARCH_USER_PATHS = NO;
				CLANG_ANALYZER_NONNULL = YES;
				CLANG_ANALYZER_NUMBER_OBJECT_CONVERSION = YES_AGGRESSIVE;
				CLANG_CXX_LANGUAGE_STANDARD = "gnu++14";
				CLANG_CXX_LIBRARY = "libc++";
				CLANG_ENABLE_MODULES = YES;
				CLANG_ENABLE_OBJC_ARC = YES;
				CLANG_ENABLE_OBJC_WEAK = YES;
				CLANG_WARN_BLOCK_CAPTURE_AUTORELEASING = YES;
				CLANG_WARN_BOOL_CONVERSION = YES;
				CLANG_WARN_COMMA = YES;
				CLANG_WARN_CONSTANT_CONVERSION = YES;
				CLANG_WARN_DEPRECATED_OBJC_IMPLEMENTATIONS = YES;
				CLANG_WARN_DIRECT_OBJC_ISA_USAGE = YES_ERROR;
				CLANG_WARN_DOCUMENTATION_COMMENTS = YES;
				CLANG_WARN_EMPTY_BODY = YES;
				CLANG_WARN_ENUM_CONVERSION = YES;
				CLANG_WARN_INFINITE_RECURSION = YES;
				CLANG_WARN_INT_CONVERSION = YES;
				CLANG_WARN_NON_LITERAL_NULL_CONVERSION = YES;
				CLANG_WARN_OBJC_IMPLICIT_RETAIN_SELF = YES;
				CLANG_WARN_OBJC_LITERAL_CONVERSION = YES;
				CLANG_WARN_OBJC_ROOT_CLASS = YES_ERROR;
				CLANG_WARN_QUOTED_INCLUDE_IN_FRAMEWORK_HEADER = YES;
				CLANG_WARN_RANGE_LOOP_ANALYSIS = YES;
				CLANG_WARN_STRICT_PROTOTYPES = YES;
				CLANG_WARN_SUSPICIOUS_MOVE = YES;
				CLANG_WARN_UNGUARDED_AVAILABILITY = YES_AGGRESSIVE;
				CLANG_WARN_UNREACHABLE_CODE = YES;
				CLANG_WARN__DUPLICATE_METHOD_MATCH = YES;
				COPY_PHASE_STRIP = NO;
				DEBUG_INFORMATION_FORMAT = dwarf;
				ENABLE_STRICT_OBJC_MSGSEND = YES;
				ENABLE_TESTABILITY = YES;
				GCC_C_LANGUAGE_STANDARD = gnu11;
				GCC_DYNAMIC_NO_PIC = NO;
				GCC_NO_COMMON_BLOCKS = YES;
				GCC_OPTIMIZATION_LEVEL = 0;
				GCC_PREPROCESSOR_DEFINITIONS = (
					"DEBUG=1",
					"$(inherited)",
				);
				GCC_WARN_64_TO_32_BIT_CONVERSION = YES;
				GCC_WARN_ABOUT_RETURN_TYPE = YES_ERROR;
				GCC_WARN_UNDECLARED_SELECTOR = YES;
				GCC_WARN_UNINITIALIZED_AUTOS = YES_AGGRESSIVE;
				GCC_WARN_UNUSED_FUNCTION = YES;
				GCC_WARN_UNUSED_VARIABLE = YES;
				IPHONEOS_DEPLOYMENT_TARGET = 14.1;
				MTL_ENABLE_DEBUG_INFO = INCLUDE_SOURCE;
				MTL_FAST_MATH = YES;
				ONLY_ACTIVE_ARCH = YES;
				SDKROOT = iphoneos;
				SWIFT_ACTIVE_COMPILATION_CONDITIONS = DEBUG;
				SWIFT_OPTIMIZATION_LEVEL = "-Onone";
			};
			name = Debug;
		};
		4CF283A0255707B200A3BE19 /* Release */ = {
			isa = XCBuildConfiguration;
			buildSettings = {
				ALWAYS_SEARCH_USER_PATHS = NO;
				CLANG_ANALYZER_NONNULL = YES;
				CLANG_ANALYZER_NUMBER_OBJECT_CONVERSION = YES_AGGRESSIVE;
				CLANG_CXX_LANGUAGE_STANDARD = "gnu++14";
				CLANG_CXX_LIBRARY = "libc++";
				CLANG_ENABLE_MODULES = YES;
				CLANG_ENABLE_OBJC_ARC = YES;
				CLANG_ENABLE_OBJC_WEAK = YES;
				CLANG_WARN_BLOCK_CAPTURE_AUTORELEASING = YES;
				CLANG_WARN_BOOL_CONVERSION = YES;
				CLANG_WARN_COMMA = YES;
				CLANG_WARN_CONSTANT_CONVERSION = YES;
				CLANG_WARN_DEPRECATED_OBJC_IMPLEMENTATIONS = YES;
				CLANG_WARN_DIRECT_OBJC_ISA_USAGE = YES_ERROR;
				CLANG_WARN_DOCUMENTATION_COMMENTS = YES;
				CLANG_WARN_EMPTY_BODY = YES;
				CLANG_WARN_ENUM_CONVERSION = YES;
				CLANG_WARN_INFINITE_RECURSION = YES;
				CLANG_WARN_INT_CONVERSION = YES;
				CLANG_WARN_NON_LITERAL_NULL_CONVERSION = YES;
				CLANG_WARN_OBJC_IMPLICIT_RETAIN_SELF = YES;
				CLANG_WARN_OBJC_LITERAL_CONVERSION = YES;
				CLANG_WARN_OBJC_ROOT_CLASS = YES_ERROR;
				CLANG_WARN_QUOTED_INCLUDE_IN_FRAMEWORK_HEADER = YES;
				CLANG_WARN_RANGE_LOOP_ANALYSIS = YES;
				CLANG_WARN_STRICT_PROTOTYPES = YES;
				CLANG_WARN_SUSPICIOUS_MOVE = YES;
				CLANG_WARN_UNGUARDED_AVAILABILITY = YES_AGGRESSIVE;
				CLANG_WARN_UNREACHABLE_CODE = YES;
				CLANG_WARN__DUPLICATE_METHOD_MATCH = YES;
				COPY_PHASE_STRIP = NO;
				DEBUG_INFORMATION_FORMAT = "dwarf-with-dsym";
				ENABLE_NS_ASSERTIONS = NO;
				ENABLE_STRICT_OBJC_MSGSEND = YES;
				GCC_C_LANGUAGE_STANDARD = gnu11;
				GCC_NO_COMMON_BLOCKS = YES;
				GCC_WARN_64_TO_32_BIT_CONVERSION = YES;
				GCC_WARN_ABOUT_RETURN_TYPE = YES_ERROR;
				GCC_WARN_UNDECLARED_SELECTOR = YES;
				GCC_WARN_UNINITIALIZED_AUTOS = YES_AGGRESSIVE;
				GCC_WARN_UNUSED_FUNCTION = YES;
				GCC_WARN_UNUSED_VARIABLE = YES;
				IPHONEOS_DEPLOYMENT_TARGET = 14.1;
				MTL_ENABLE_DEBUG_INFO = NO;
				MTL_FAST_MATH = YES;
				SDKROOT = iphoneos;
				SWIFT_COMPILATION_MODE = wholemodule;
				SWIFT_OPTIMIZATION_LEVEL = "-O";
				VALIDATE_PRODUCT = YES;
			};
			name = Release;
		};
		4CF283A2255707B200A3BE19 /* Debug */ = {
			isa = XCBuildConfiguration;
			buildSettings = {
				ASSETCATALOG_COMPILER_APPICON_NAME = AppIcon;
				ASSETCATALOG_COMPILER_GLOBAL_ACCENT_COLOR_NAME = AccentColor;
				CODE_SIGN_STYLE = Automatic;
				DEVELOPMENT_TEAM = 8LY46C2NM9;
				INFOPLIST_FILE = /Users/Michael/Documents/Apps/LocationTimeTracker/LocationTimeTracker/Support/Info.plist;
				LD_RUNPATH_SEARCH_PATHS = (
					"$(inherited)",
					"@executable_path/Frameworks",
				);
				PRODUCT_BUNDLE_IDENTIFIER = MKA.LocationTimeTracker;
				PRODUCT_NAME = "$(TARGET_NAME)";
				SWIFT_VERSION = 5.0;
				TARGETED_DEVICE_FAMILY = "1,2";
			};
			name = Debug;
		};
		4CF283A3255707B200A3BE19 /* Release */ = {
			isa = XCBuildConfiguration;
			buildSettings = {
				ASSETCATALOG_COMPILER_APPICON_NAME = AppIcon;
				ASSETCATALOG_COMPILER_GLOBAL_ACCENT_COLOR_NAME = AccentColor;
				CODE_SIGN_STYLE = Automatic;
				DEVELOPMENT_TEAM = 8LY46C2NM9;
				INFOPLIST_FILE = /Users/Michael/Documents/Apps/LocationTimeTracker/LocationTimeTracker/Support/Info.plist;
				LD_RUNPATH_SEARCH_PATHS = (
					"$(inherited)",
					"@executable_path/Frameworks",
				);
				PRODUCT_BUNDLE_IDENTIFIER = MKA.LocationTimeTracker;
				PRODUCT_NAME = "$(TARGET_NAME)";
				SWIFT_VERSION = 5.0;
				TARGETED_DEVICE_FAMILY = "1,2";
			};
			name = Release;
		};
		4CF283A5255707B200A3BE19 /* Debug */ = {
			isa = XCBuildConfiguration;
			buildSettings = {
				ALWAYS_EMBED_SWIFT_STANDARD_LIBRARIES = YES;
				BUNDLE_LOADER = "$(TEST_HOST)";
				CODE_SIGN_STYLE = Automatic;
				DEVELOPMENT_TEAM = 8LY46C2NM9;
				INFOPLIST_FILE = LocationTimeTrackerTests/Info.plist;
				IPHONEOS_DEPLOYMENT_TARGET = 14.1;
				LD_RUNPATH_SEARCH_PATHS = (
					"$(inherited)",
					"@executable_path/Frameworks",
					"@loader_path/Frameworks",
				);
				PRODUCT_BUNDLE_IDENTIFIER = MKA.LocationTimeTrackerTests;
				PRODUCT_NAME = "$(TARGET_NAME)";
				SWIFT_VERSION = 5.0;
				TARGETED_DEVICE_FAMILY = "1,2";
				TEST_HOST = "$(BUILT_PRODUCTS_DIR)/LocationTimeTracker.app/LocationTimeTracker";
			};
			name = Debug;
		};
		4CF283A6255707B200A3BE19 /* Release */ = {
			isa = XCBuildConfiguration;
			buildSettings = {
				ALWAYS_EMBED_SWIFT_STANDARD_LIBRARIES = YES;
				BUNDLE_LOADER = "$(TEST_HOST)";
				CODE_SIGN_STYLE = Automatic;
				DEVELOPMENT_TEAM = 8LY46C2NM9;
				INFOPLIST_FILE = LocationTimeTrackerTests/Info.plist;
				IPHONEOS_DEPLOYMENT_TARGET = 14.1;
				LD_RUNPATH_SEARCH_PATHS = (
					"$(inherited)",
					"@executable_path/Frameworks",
					"@loader_path/Frameworks",
				);
				PRODUCT_BUNDLE_IDENTIFIER = MKA.LocationTimeTrackerTests;
				PRODUCT_NAME = "$(TARGET_NAME)";
				SWIFT_VERSION = 5.0;
				TARGETED_DEVICE_FAMILY = "1,2";
				TEST_HOST = "$(BUILT_PRODUCTS_DIR)/LocationTimeTracker.app/LocationTimeTracker";
			};
			name = Release;
		};
		4CF283A8255707B200A3BE19 /* Debug */ = {
			isa = XCBuildConfiguration;
			buildSettings = {
				ALWAYS_EMBED_SWIFT_STANDARD_LIBRARIES = YES;
				CODE_SIGN_STYLE = Automatic;
				DEVELOPMENT_TEAM = 8LY46C2NM9;
				INFOPLIST_FILE = LocationTimeTrackerUITests/Info.plist;
				LD_RUNPATH_SEARCH_PATHS = (
					"$(inherited)",
					"@executable_path/Frameworks",
					"@loader_path/Frameworks",
				);
				PRODUCT_BUNDLE_IDENTIFIER = MKA.LocationTimeTrackerUITests;
				PRODUCT_NAME = "$(TARGET_NAME)";
				SWIFT_VERSION = 5.0;
				TARGETED_DEVICE_FAMILY = "1,2";
				TEST_TARGET_NAME = LocationTimeTracker;
			};
			name = Debug;
		};
		4CF283A9255707B200A3BE19 /* Release */ = {
			isa = XCBuildConfiguration;
			buildSettings = {
				ALWAYS_EMBED_SWIFT_STANDARD_LIBRARIES = YES;
				CODE_SIGN_STYLE = Automatic;
				DEVELOPMENT_TEAM = 8LY46C2NM9;
				INFOPLIST_FILE = LocationTimeTrackerUITests/Info.plist;
				LD_RUNPATH_SEARCH_PATHS = (
					"$(inherited)",
					"@executable_path/Frameworks",
					"@loader_path/Frameworks",
				);
				PRODUCT_BUNDLE_IDENTIFIER = MKA.LocationTimeTrackerUITests;
				PRODUCT_NAME = "$(TARGET_NAME)";
				SWIFT_VERSION = 5.0;
				TARGETED_DEVICE_FAMILY = "1,2";
				TEST_TARGET_NAME = LocationTimeTracker;
			};
			name = Release;
		};
/* End XCBuildConfiguration section */

/* Begin XCConfigurationList section */
		4CF28372255707AF00A3BE19 /* Build configuration list for PBXProject "LocationTimeTracker" */ = {
			isa = XCConfigurationList;
			buildConfigurations = (
				4CF2839F255707B200A3BE19 /* Debug */,
				4CF283A0255707B200A3BE19 /* Release */,
			);
			defaultConfigurationIsVisible = 0;
			defaultConfigurationName = Release;
		};
		4CF283A1255707B200A3BE19 /* Build configuration list for PBXNativeTarget "LocationTimeTracker" */ = {
			isa = XCConfigurationList;
			buildConfigurations = (
				4CF283A2255707B200A3BE19 /* Debug */,
				4CF283A3255707B200A3BE19 /* Release */,
			);
			defaultConfigurationIsVisible = 0;
			defaultConfigurationName = Release;
		};
		4CF283A4255707B200A3BE19 /* Build configuration list for PBXNativeTarget "LocationTimeTrackerTests" */ = {
			isa = XCConfigurationList;
			buildConfigurations = (
				4CF283A5255707B200A3BE19 /* Debug */,
				4CF283A6255707B200A3BE19 /* Release */,
			);
			defaultConfigurationIsVisible = 0;
			defaultConfigurationName = Release;
		};
		4CF283A7255707B200A3BE19 /* Build configuration list for PBXNativeTarget "LocationTimeTrackerUITests" */ = {
			isa = XCConfigurationList;
			buildConfigurations = (
				4CF283A8255707B200A3BE19 /* Debug */,
				4CF283A9255707B200A3BE19 /* Release */,
			);
			defaultConfigurationIsVisible = 0;
			defaultConfigurationName = Release;
		};
/* End XCConfigurationList section */
	};
	rootObject = 4CF2836F255707AF00A3BE19 /* Project object */;
}
